{
    "_readme": [
        "This file locks the dependencies of your project to a known state",
        "Read more about it at https://getcomposer.org/doc/01-basic-usage.md#composer-lock-the-lock-file",
        "This file is @generated automatically"
    ],
    "content-hash": "20060a6121d9186b1dcfd11ef1035b26",
    "packages": [
        {
            "name": "wumvi/lightweight-curl",
            "version": "v1.0.23",
            "source": {
                "type": "git",
                "url": "https://github.com/wumvi/core.lightweight-curl.git",
                "reference": "67ce23a1a5f5915ae40323e1e50ae6f308469186"
            },
            "dist": {
                "type": "zip",
                "url": "https://api.github.com/repos/wumvi/core.lightweight-curl/zipball/67ce23a1a5f5915ae40323e1e50ae6f308469186",
                "reference": "67ce23a1a5f5915ae40323e1e50ae6f308469186",
                "shasum": ""
            },
            "type": "library",
            "autoload": {
                "psr-4": {
                    "LightweightCurl\\": "src"
                }
            },
            "notification-url": "https://packagist.org/downloads/",
            "authors": [
                {
                    "name": "Kozlenko Vitaliy",
                    "role": "Developer"
                }
            ],
            "description": "LightweightCurl Curl library",
            "time": "2019-07-25T13:14:53+00:00"
        }
    ],
    "packages-dev": [],
    "aliases": [],
    "minimum-stability": "stable",
    "stability-flags": [],
    "prefer-stable": false,
    "prefer-lowest": false,
    "platform": {
        "ext-json": "*",
        "ext-mbstring": "*"
    },
    "platform-dev": []
}
