{
    "_readme": [
        "This file locks the dependencies of your project to a known state",
        "Read more about it at https://getcomposer.org/doc/01-basic-usage.md#composer-lock-the-lock-file",
        "This file is @generated automatically"
    ],
    "content-hash": "074ccc88f5b6d7040acc8576003fefe3",
    "packages": [
        {
            "name": "wumvi/lightweight-curl",
            "version": "v1.27",
            "source": {
                "type": "git",
                "url": "https://github.com/wumvi/lightweight-curl.git",
                "reference": "f410327343df5396f8ee71dc1e1d134e9b46b2b8"
            },
            "dist": {
                "type": "zip",
                "url": "https://api.github.com/repos/wumvi/lightweight-curl/zipball/f410327343df5396f8ee71dc1e1d134e9b46b2b8",
                "reference": "f410327343df5396f8ee71dc1e1d134e9b46b2b8",
                "shasum": ""
            },
            "require": {
                "ext-curl": "*",
                "ext-json": "*"
            },
            "type": "library",
            "autoload": {
                "psr-4": {
                    "LightweightCurl\\": "src"
                }
            },
            "notification-url": "https://packagist.org/downloads/",
            "authors": [
                {
                    "name": "Kozlenko Vitaliy",
                    "role": "Developer"
                }
            ],
            "description": "LightweightCurl Curl library",
            "time": "2019-09-07T23:53:55+00:00"
        }
    ],
    "packages-dev": [],
    "aliases": [],
    "minimum-stability": "stable",
    "stability-flags": [],
    "prefer-stable": false,
    "prefer-lowest": false,
    "platform": {
        "ext-json": "*",
        "ext-mbstring": "*"
    },
    "platform-dev": []
}
